
Microsoft Visual Studio Solution File, Format Version 12.00
# Visual Studio Version 17
VisualStudioVersion = 17.2.32526.322
MinimumVisualStudioVersion = 10.0.40219.1
Project("{FAE04EC0-301F-11D3-BF4B-00C04F79EFBC}") = "FirstProject", "FirstProject.csproj", "{C0C50272-C448-4222-B64C-62DEAEFEDEE0}"
EndProject
Project("{FAE04EC0-301F-11D3-BF4B-00C04F79EFBC}") = "PointLibrary", "..\PointLibrary\PointLibrary.csproj", "{437F3DBC-CC93-4E99-A777-AF2AE48A383E}"
EndProject
Global
	GlobalSection(SolutionConfigurationPlatforms) = preSolution
		Debug|Any CPU = Debug|Any CPU
		Release|Any CPU = Release|Any CPU
	EndGlobalSection
	GlobalSection(ProjectConfigurationPlatforms) = postSolution
		{C0C50272-C448-4222-B64C-62DEAEFEDEE0}.Debug|Any CPU.ActiveCfg = Debug|Any CPU
		{C0C50272-C448-4222-B64C-62DEAEFEDEE0}.Debug|Any CPU.Build.0 = Debug|Any CPU
		{C0C50272-C448-4222-B64C-62DEAEFEDEE0}.Release|Any CPU.ActiveCfg = Release|Any CPU
		{C0C50272-C448-4222-B64C-62DEAEFEDEE0}.Release|Any CPU.Build.0 = Release|Any CPU
		{437F3DBC-CC93-4E99-A777-AF2AE48A383E}.Debug|Any CPU.ActiveCfg = Debug|Any CPU
		{437F3DBC-CC93-4E99-A777-AF2AE48A383E}.Debug|Any CPU.Build.0 = Debug|Any CPU
		{437F3DBC-CC93-4E99-A777-AF2AE48A383E}.Release|Any CPU.ActiveCfg = Release|Any CPU
		{437F3DBC-CC93-4E99-A777-AF2AE48A383E}.Release|Any CPU.Build.0 = Release|Any CPU
	EndGlobalSection
	GlobalSection(SolutionProperties) = preSolution
		HideSolutionNode = FALSE
	EndGlobalSection
	GlobalSection(ExtensibilityGlobals) = postSolution
		SolutionGuid = {08BD5FF8-5BCB-4460-B825-AED130624FB8}
	EndGlobalSection
EndGlobal
